
Microsoft Visual Studio Solution File, Format Version 12.00
# Visual Studio Version 17
VisualStudioVersion = 17.4.33213.308
MinimumVisualStudioVersion = 10.0.40219.1
Project("{FAE04EC0-301F-11D3-BF4B-00C04F79EFBC}") = "JURNAL3_1302210078", "JURNAL3_1302210078\JURNAL3_1302210078.csproj", "{FF89C0AC-9DBD-4DC8-AB6B-9437F942A162}"
EndProject
Global
	GlobalSection(SolutionConfigurationPlatforms) = preSolution
		Debug|Any CPU = Debug|Any CPU
		Release|Any CPU = Release|Any CPU
	EndGlobalSection
	GlobalSection(ProjectConfigurationPlatforms) = postSolution
		{FF89C0AC-9DBD-4DC8-AB6B-9437F942A162}.Debug|Any CPU.ActiveCfg = Debug|Any CPU
		{FF89C0AC-9DBD-4DC8-AB6B-9437F942A162}.Debug|Any CPU.Build.0 = Debug|Any CPU
		{FF89C0AC-9DBD-4DC8-AB6B-9437F942A162}.Release|Any CPU.ActiveCfg = Release|Any CPU
		{FF89C0AC-9DBD-4DC8-AB6B-9437F942A162}.Release|Any CPU.Build.0 = Release|Any CPU
	EndGlobalSection
	GlobalSection(SolutionProperties) = preSolution
		HideSolutionNode = FALSE
	EndGlobalSection
	GlobalSection(ExtensibilityGlobals) = postSolution
		SolutionGuid = {5C679D40-6171-4FCA-8C1F-A333E44850E6}
	EndGlobalSection
EndGlobal
